
Microsoft Visual Studio Solution File, Format Version 12.00
# Visual Studio Version 16
VisualStudioVersion = 25.0.1706.3
MinimumVisualStudioVersion = 10.0.40219.1
Project("{2150E333-8FDC-42A3-9474-1A3956D46DE8}") = "src", "src", "{0405C81F-DC7C-4CD3-B464-3CB7F6931587}"
	ProjectSection(SolutionItems) = preProject
		..\.gitignore = ..\.gitignore
	EndProjectSection
EndProject
Project("{2150E333-8FDC-42A3-9474-1A3956D46DE8}") = "Fias", "Fias", "{ECC15BD2-39A3-4198-9F8F-F91205F97845}"
EndProject
Project("{2150E333-8FDC-42A3-9474-1A3956D46DE8}") = "Libraries", "Libraries", "{E69A4690-6AF9-466C-8E6F-2DAFBE377AE6}"
EndProject
Project("{2150E333-8FDC-42A3-9474-1A3956D46DE8}") = "Entities", "Entities", "{29E89A90-057D-4D1D-88BF-8E412FDAA9CD}"
EndProject
Project("{FAE04EC0-301F-11D3-BF4B-00C04F79EFBC}") = "FidelioIntegration.Fias.Entities", "Fias\Libraries\Entities\FidelioIntegration.Fias.Entities\FidelioIntegration.Fias.Entities.csproj", "{FD9343EA-3DE2-4DCF-9F7F-C1EE6E46D9D9}"
EndProject
Global
	GlobalSection(SolutionConfigurationPlatforms) = preSolution
		Debug|Any CPU = Debug|Any CPU
		Release|Any CPU = Release|Any CPU
	EndGlobalSection
	GlobalSection(ProjectConfigurationPlatforms) = postSolution
		{87EC094C-A122-4D16-85BF-AF15BAE5C777}.Debug|Any CPU.ActiveCfg = Debug|Any CPU
		{87EC094C-A122-4D16-85BF-AF15BAE5C777}.Debug|Any CPU.Build.0 = Debug|Any CPU
		{87EC094C-A122-4D16-85BF-AF15BAE5C777}.Release|Any CPU.ActiveCfg = Release|Any CPU
		{87EC094C-A122-4D16-85BF-AF15BAE5C777}.Release|Any CPU.Build.0 = Release|Any CPU
		{FD9343EA-3DE2-4DCF-9F7F-C1EE6E46D9D9}.Debug|Any CPU.ActiveCfg = Debug|Any CPU
		{FD9343EA-3DE2-4DCF-9F7F-C1EE6E46D9D9}.Debug|Any CPU.Build.0 = Debug|Any CPU
		{FD9343EA-3DE2-4DCF-9F7F-C1EE6E46D9D9}.Release|Any CPU.ActiveCfg = Release|Any CPU
		{FD9343EA-3DE2-4DCF-9F7F-C1EE6E46D9D9}.Release|Any CPU.Build.0 = Release|Any CPU
	EndGlobalSection
	GlobalSection(SolutionProperties) = preSolution
		HideSolutionNode = FALSE
	EndGlobalSection
	GlobalSection(ExtensibilityGlobals) = postSolution
		SolutionGuid = {A547077B-6247-4D38-A6C8-4DB9B60F983A}
	EndGlobalSection
	GlobalSection(NestedProjects) = preSolution
		{FD17A51C-5AD6-43DD-9835-600576029EEC} = {0405C81F-DC7C-4CD3-B464-3CB7F6931587}
		{87EC094C-A122-4D16-85BF-AF15BAE5C777} = {FD17A51C-5AD6-43DD-9835-600576029EEC}
		{ECC15BD2-39A3-4198-9F8F-F91205F97845} = {0405C81F-DC7C-4CD3-B464-3CB7F6931587}
		{E69A4690-6AF9-466C-8E6F-2DAFBE377AE6} = {ECC15BD2-39A3-4198-9F8F-F91205F97845}
		{29E89A90-057D-4D1D-88BF-8E412FDAA9CD} = {E69A4690-6AF9-466C-8E6F-2DAFBE377AE6}
		{FD9343EA-3DE2-4DCF-9F7F-C1EE6E46D9D9} = {29E89A90-057D-4D1D-88BF-8E412FDAA9CD}
	EndGlobalSection
EndGlobal
